
Microsoft Visual Studio Solution File, Format Version 12.00
# Visual Studio Version 16
VisualStudioVersion = 16.0.30104.148
MinimumVisualStudioVersion = 10.0.40219.1
Project("{FAE04EC0-301F-11D3-BF4B-00C04F79EFBC}") = "KVLS2-C", "KVLS2-C\KVLS2-C.csproj", "{26E01D3F-8A1D-47BF-BE2D-C29CB78307E6}"
EndProject
Global
	GlobalSection(SolutionConfigurationPlatforms) = preSolution
		Debug|Any CPU = Debug|Any CPU
		Release|Any CPU = Release|Any CPU
	EndGlobalSection
	GlobalSection(ProjectConfigurationPlatforms) = postSolution
		{26E01D3F-8A1D-47BF-BE2D-C29CB78307E6}.Debug|Any CPU.ActiveCfg = Debug|Any CPU
		{26E01D3F-8A1D-47BF-BE2D-C29CB78307E6}.Debug|Any CPU.Build.0 = Debug|Any CPU
		{26E01D3F-8A1D-47BF-BE2D-C29CB78307E6}.Release|Any CPU.ActiveCfg = Release|Any CPU
		{26E01D3F-8A1D-47BF-BE2D-C29CB78307E6}.Release|Any CPU.Build.0 = Release|Any CPU
	EndGlobalSection
	GlobalSection(SolutionProperties) = preSolution
		HideSolutionNode = FALSE
	EndGlobalSection
	GlobalSection(ExtensibilityGlobals) = postSolution
		SolutionGuid = {645596C2-FCB2-4863-8A0A-6D1A389B22F4}
	EndGlobalSection
EndGlobal
